{
  "name": "be_practical",
  "version": "1.0.0",
  "lockfileVersion": 3,
  "requires": true,
  "packages": {
    "": {
      "name": "be_practical",
      "version": "1.0.0",
      "license": "ISC",
      "dependencies": {
        "@types/fhir": "^0.0.37",
        "@types/node": "^20.6.3",
        "typescript": "^5.2.2"
      },
      "devDependencies": {
        "@tsconfig/node18": "^18.2.2"
      }
    },
    "node_modules/@tsconfig/node18": {
      "version": "18.2.2",
      "resolved": "https://registry.npmjs.org/@tsconfig/node18/-/node18-18.2.2.tgz",
      "integrity": "sha512-d6McJeGsuoRlwWZmVIeE8CUA27lu6jLjvv1JzqmpsytOYYbVi1tHZEnwCNVOXnj4pyLvneZlFlpXUK+X9wBWyw==",
      "dev": true
    },
    "node_modules/@types/fhir": {
      "version": "0.0.37",
      "resolved": "https://registry.npmjs.org/@types/fhir/-/fhir-0.0.37.tgz",
      "integrity": "sha512-fR1y6tPfDmxYDWN4JkJhuI5F5QpbaFVSoNo3pu9A6nzuoojANqg0UBnNZTVegTz/MilV3PSjyvFe6/vO55geKA=="
    },
    "node_modules/@types/node": {
      "version": "20.6.3",
      "resolved": "https://registry.npmjs.org/@types/node/-/node-20.6.3.tgz",
      "integrity": "sha512-HksnYH4Ljr4VQgEy2lTStbCKv/P590tmPe5HqOnv9Gprffgv5WXAY+Y5Gqniu0GGqeTCUdBnzC3QSrzPkBkAMA=="
    },
    "node_modules/typescript": {
      "version": "5.2.2",
      "resolved": "https://registry.npmjs.org/typescript/-/typescript-5.2.2.tgz",
      "integrity": "sha512-mI4WrpHsbCIcwT9cF4FZvr80QUeKvsUsUvKDoR+X/7XHQH98xYD8YHZg7ANtz2GtZt/CBq2QJ0thkGJMHfqc1w==",
      "bin": {
        "tsc": "bin/tsc",
        "tsserver": "bin/tsserver"
      },
      "engines": {
        "node": ">=14.17"
      }
    }
  }
}
